
Microsoft Visual Studio Solution File, Format Version 12.00
# Visual Studio Version 16
VisualStudioVersion = 16.0.30128.74
MinimumVisualStudioVersion = 10.0.40219.1
Project("{9A19103F-16F7-4668-BE54-9A1E7A4F7556}") = "MedicProject", "MedicProject\MedicProject.csproj", "{B441428A-5D04-437C-9EA2-502332F8B12D}"
EndProject
Project("{9A19103F-16F7-4668-BE54-9A1E7A4F7556}") = "mobile", "mobile\mobile.csproj", "{EBF5FACB-1C38-475E-A2F8-09C73C231B8B}"
EndProject
Project("{FAE04EC0-301F-11D3-BF4B-00C04F79EFBC}") = "mobile.Android", "mobile.Android\mobile.Android.csproj", "{76189A29-0A4C-4860-985C-5202347071B3}"
EndProject
Project("{FAE04EC0-301F-11D3-BF4B-00C04F79EFBC}") = "mobile.iOS", "mobile.iOS\mobile.iOS.csproj", "{FD373259-8F37-4F80-A4A0-378C46D81E1D}"
EndProject
Project("{2150E333-8FDC-42A3-9474-1A3956D46DE8}") = "Testare", "Testare", "{AC6BE375-8DF5-49B3-BC2F-06775A0CA7F5}"
	ProjectSection(SolutionItems) = preProject
		..\FSEGA\An 3\Testarea Produselor Soft\LOCALIZARE APLICATIE MOBILA MEDCLINIC.pdf = ..\FSEGA\An 3\Testarea Produselor Soft\LOCALIZARE APLICATIE MOBILA MEDCLINIC.pdf
		..\FSEGA\An 3\Testarea Produselor Soft\Specificatii pagina principala in romana.pdf = ..\FSEGA\An 3\Testarea Produselor Soft\Specificatii pagina principala in romana.pdf
		..\FSEGA\An 3\Testarea Produselor Soft\TestCaseLoginLogout.xlsx = ..\FSEGA\An 3\Testarea Produselor Soft\TestCaseLoginLogout.xlsx
	EndProjectSection
EndProject
Global
	GlobalSection(SolutionConfigurationPlatforms) = preSolution
		Debug|Any CPU = Debug|Any CPU
		Debug|iPhone = Debug|iPhone
		Debug|iPhoneSimulator = Debug|iPhoneSimulator
		Release|Any CPU = Release|Any CPU
		Release|iPhone = Release|iPhone
		Release|iPhoneSimulator = Release|iPhoneSimulator
	EndGlobalSection
	GlobalSection(ProjectConfigurationPlatforms) = postSolution
		{B441428A-5D04-437C-9EA2-502332F8B12D}.Debug|Any CPU.ActiveCfg = Debug|Any CPU
		{B441428A-5D04-437C-9EA2-502332F8B12D}.Debug|Any CPU.Build.0 = Debug|Any CPU
		{B441428A-5D04-437C-9EA2-502332F8B12D}.Debug|iPhone.ActiveCfg = Debug|Any CPU
		{B441428A-5D04-437C-9EA2-502332F8B12D}.Debug|iPhone.Build.0 = Debug|Any CPU
		{B441428A-5D04-437C-9EA2-502332F8B12D}.Debug|iPhoneSimulator.ActiveCfg = Debug|Any CPU
		{B441428A-5D04-437C-9EA2-502332F8B12D}.Debug|iPhoneSimulator.Build.0 = Debug|Any CPU
		{B441428A-5D04-437C-9EA2-502332F8B12D}.Release|Any CPU.ActiveCfg = Release|Any CPU
		{B441428A-5D04-437C-9EA2-502332F8B12D}.Release|Any CPU.Build.0 = Release|Any CPU
		{B441428A-5D04-437C-9EA2-502332F8B12D}.Release|iPhone.ActiveCfg = Release|Any CPU
		{B441428A-5D04-437C-9EA2-502332F8B12D}.Release|iPhone.Build.0 = Release|Any CPU
		{B441428A-5D04-437C-9EA2-502332F8B12D}.Release|iPhoneSimulator.ActiveCfg = Release|Any CPU
		{B441428A-5D04-437C-9EA2-502332F8B12D}.Release|iPhoneSimulator.Build.0 = Release|Any CPU
		{EBF5FACB-1C38-475E-A2F8-09C73C231B8B}.Debug|Any CPU.ActiveCfg = Debug|Any CPU
		{EBF5FACB-1C38-475E-A2F8-09C73C231B8B}.Debug|Any CPU.Build.0 = Debug|Any CPU
		{EBF5FACB-1C38-475E-A2F8-09C73C231B8B}.Debug|iPhone.ActiveCfg = Debug|Any CPU
		{EBF5FACB-1C38-475E-A2F8-09C73C231B8B}.Debug|iPhone.Build.0 = Debug|Any CPU
		{EBF5FACB-1C38-475E-A2F8-09C73C231B8B}.Debug|iPhoneSimulator.ActiveCfg = Debug|Any CPU
		{EBF5FACB-1C38-475E-A2F8-09C73C231B8B}.Debug|iPhoneSimulator.Build.0 = Debug|Any CPU
		{EBF5FACB-1C38-475E-A2F8-09C73C231B8B}.Release|Any CPU.ActiveCfg = Release|Any CPU
		{EBF5FACB-1C38-475E-A2F8-09C73C231B8B}.Release|Any CPU.Build.0 = Release|Any CPU
		{EBF5FACB-1C38-475E-A2F8-09C73C231B8B}.Release|iPhone.ActiveCfg = Release|Any CPU
		{EBF5FACB-1C38-475E-A2F8-09C73C231B8B}.Release|iPhone.Build.0 = Release|Any CPU
		{EBF5FACB-1C38-475E-A2F8-09C73C231B8B}.Release|iPhoneSimulator.ActiveCfg = Release|Any CPU
		{EBF5FACB-1C38-475E-A2F8-09C73C231B8B}.Release|iPhoneSimulator.Build.0 = Release|Any CPU
		{76189A29-0A4C-4860-985C-5202347071B3}.Debug|Any CPU.ActiveCfg = Debug|Any CPU
		{76189A29-0A4C-4860-985C-5202347071B3}.Debug|Any CPU.Build.0 = Debug|Any CPU
		{76189A29-0A4C-4860-985C-5202347071B3}.Debug|Any CPU.Deploy.0 = Debug|Any CPU
		{76189A29-0A4C-4860-985C-5202347071B3}.Debug|iPhone.ActiveCfg = Debug|Any CPU
		{76189A29-0A4C-4860-985C-5202347071B3}.Debug|iPhone.Build.0 = Debug|Any CPU
		{76189A29-0A4C-4860-985C-5202347071B3}.Debug|iPhone.Deploy.0 = Debug|Any CPU
		{76189A29-0A4C-4860-985C-5202347071B3}.Debug|iPhoneSimulator.ActiveCfg = Debug|Any CPU
		{76189A29-0A4C-4860-985C-5202347071B3}.Debug|iPhoneSimulator.Build.0 = Debug|Any CPU
		{76189A29-0A4C-4860-985C-5202347071B3}.Debug|iPhoneSimulator.Deploy.0 = Debug|Any CPU
		{76189A29-0A4C-4860-985C-5202347071B3}.Release|Any CPU.ActiveCfg = Release|Any CPU
		{76189A29-0A4C-4860-985C-5202347071B3}.Release|Any CPU.Build.0 = Release|Any CPU
		{76189A29-0A4C-4860-985C-5202347071B3}.Release|Any CPU.Deploy.0 = Release|Any CPU
		{76189A29-0A4C-4860-985C-5202347071B3}.Release|iPhone.ActiveCfg = Release|Any CPU
		{76189A29-0A4C-4860-985C-5202347071B3}.Release|iPhone.Build.0 = Release|Any CPU
		{76189A29-0A4C-4860-985C-5202347071B3}.Release|iPhone.Deploy.0 = Release|Any CPU
		{76189A29-0A4C-4860-985C-5202347071B3}.Release|iPhoneSimulator.ActiveCfg = Release|Any CPU
		{76189A29-0A4C-4860-985C-5202347071B3}.Release|iPhoneSimulator.Build.0 = Release|Any CPU
		{76189A29-0A4C-4860-985C-5202347071B3}.Release|iPhoneSimulator.Deploy.0 = Release|Any CPU
		{FD373259-8F37-4F80-A4A0-378C46D81E1D}.Debug|Any CPU.ActiveCfg = Debug|iPhoneSimulator
		{FD373259-8F37-4F80-A4A0-378C46D81E1D}.Debug|iPhone.ActiveCfg = Debug|iPhone
		{FD373259-8F37-4F80-A4A0-378C46D81E1D}.Debug|iPhone.Build.0 = Debug|iPhone
		{FD373259-8F37-4F80-A4A0-378C46D81E1D}.Debug|iPhoneSimulator.ActiveCfg = Debug|iPhoneSimulator
		{FD373259-8F37-4F80-A4A0-378C46D81E1D}.Debug|iPhoneSimulator.Build.0 = Debug|iPhoneSimulator
		{FD373259-8F37-4F80-A4A0-378C46D81E1D}.Release|Any CPU.ActiveCfg = Release|iPhoneSimulator
		{FD373259-8F37-4F80-A4A0-378C46D81E1D}.Release|iPhone.ActiveCfg = Release|iPhone
		{FD373259-8F37-4F80-A4A0-378C46D81E1D}.Release|iPhone.Build.0 = Release|iPhone
		{FD373259-8F37-4F80-A4A0-378C46D81E1D}.Release|iPhoneSimulator.ActiveCfg = Release|iPhoneSimulator
		{FD373259-8F37-4F80-A4A0-378C46D81E1D}.Release|iPhoneSimulator.Build.0 = Release|iPhoneSimulator
	EndGlobalSection
	GlobalSection(SolutionProperties) = preSolution
		HideSolutionNode = FALSE
	EndGlobalSection
	GlobalSection(ExtensibilityGlobals) = postSolution
		SolutionGuid = {FD0FD584-CE20-46F3-B58A-6871BB118B67}
	EndGlobalSection
EndGlobal
